<?xml version="1.0" encoding="utf-8"?>
<Project ToolsVersion="4.0" xmlns="http://schemas.microsoft.com/developer/msbuild/2003">
  <ItemGroup>
    <FxCompile Include="AnimShader_gs.hlsl">
      <Filter>Shader\AnimShader</Filter>
    </FxCompile>
    <FxCompile Include="AnimShader_ps.hlsl">
      <Filter>Shader\AnimShader</Filter>
    </FxCompile>
    <FxCompile Include="AnimShader_vs.hlsl">
      <Filter>Shader\AnimShader</Filter>
    </FxCompile>
    <FxCompile Include="board_ps.hlsl">
      <Filter>Shader\boardShader</Filter>
    </FxCompile>
    <FxCompile Include="board_vs.hlsl">
      <Filter>Shader\boardShader</Filter>
    </FxCompile>
    <FxCompile Include="Font_ps.hlsl">
      <Filter>Shader\FontShader</Filter>
    </FxCompile>
    <FxCompile Include="Font_vs.hlsl">
      <Filter>Shader\FontShader</Filter>
    </FxCompile>
    <FxCompile Include="geometric_primitive_ps.hlsl">
      <Filter>Shader\geometric_primitiveShader</Filter>
    </FxCompile>
    <FxCompile Include="geometric_primitive_vs.hlsl">
      <Filter>Shader\geometric_primitiveShader</Filter>
    </FxCompile>
    <FxCompile Include="Mesh_Static_PS.hlsl">
      <Filter>Shader\Mesh_StaticShader</Filter>
    </FxCompile>
    <FxCompile Include="Mesh_Static_VS.hlsl">
      <Filter>Shader\Mesh_StaticShader</Filter>
    </FxCompile>
    <FxCompile Include="ParallelToon_gs.hlsl">
      <Filter>Shader\ParallelToonShader</Filter>
    </FxCompile>
    <FxCompile Include="ParallelToon_ps.hlsl">
      <Filter>Shader\ParallelToonShader</Filter>
    </FxCompile>
    <FxCompile Include="ParallelToon_vs.hlsl">
      <Filter>Shader\ParallelToonShader</Filter>
    </FxCompile>
    <FxCompile Include="Skinned_PS.hlsl">
      <Filter>Shader\SkinnedMeshShader</Filter>
    </FxCompile>
    <FxCompile Include="Skinned_VS.hlsl">
      <Filter>Shader\SkinnedMeshShader</Filter>
    </FxCompile>
    <FxCompile Include="sprite_ps.hlsl">
      <Filter>Shader\spriteShader</Filter>
    </FxCompile>
    <FxCompile Include="sprite_vs.hlsl">
      <Filter>Shader\spriteShader</Filter>
    </FxCompile>
    <FxCompile Include="SpriteEx_ps.hlsl">
      <Filter>Shader\SpriteExShader</Filter>
    </FxCompile>
    <FxCompile Include="SpriteEx_vs.hlsl">
      <Filter>Shader\SpriteExShader</Filter>
    </FxCompile>
    <FxCompile Include="toGbuffer_ps.hlsl">
      <Filter>Shader\toGbufferShader</Filter>
    </FxCompile>
    <FxCompile Include="toGbuffer_vs.hlsl">
      <Filter>Shader\toGbufferShader</Filter>
    </FxCompile>
    <FxCompile Include="ToonShader_gs.hlsl">
      <Filter>Shader\ToonShader</Filter>
    </FxCompile>
    <FxCompile Include="ToonShader_ps.hlsl">
      <Filter>Shader\ToonShader</Filter>
    </FxCompile>
    <FxCompile Include="ToonShader_vs.hlsl">
      <Filter>Shader\ToonShader</Filter>
    </FxCompile>
    <FxCompile Include="flatShader_vs.hlsl">
      <Filter>Shader\flatShader</Filter>
    </FxCompile>
    <FxCompile Include="flatShader_ps.hlsl">
      <Filter>Shader\flatShader</Filter>
    </FxCompile>
    <FxCompile Include="flatShader_gs.hlsl">
      <Filter>Shader\flatShader</Filter>
    </FxCompile>
    <FxCompile Include="GaussShader_ps.hlsl">
      <Filter>Shader\GauseShader</Filter>
    </FxCompile>
    <FxCompile Include="GaussShader_vs.hlsl">
      <Filter>Shader\GauseShader</Filter>
    </FxCompile>
    <FxCompile Include="MultiGaussShader_vs.hlsl">
      <Filter>Shader\MultiGaussShader</Filter>
    </FxCompile>
    <FxCompile Include="MultiGaussShader_ps.hlsl">
      <Filter>Shader\MultiGaussShader</Filter>
    </FxCompile>
    <FxCompile Include="furShader_vs.hlsl">
      <Filter>Shader\furShader</Filter>
    </FxCompile>
    <FxCompile Include="furShader_ps.hlsl">
      <Filter>Shader\furShader</Filter>
    </FxCompile>
    <FxCompile Include="furShader_gs.hlsl">
      <Filter>Shader\furShader</Filter>
    </FxCompile>
    <FxCompile Include="SkyMapShader_vs.hlsl">
      <Filter>Shader\SkyMapShader</Filter>
    </FxCompile>
    <FxCompile Include="SkyMapShader_ps.hlsl">
      <Filter>Shader\SkyMapShader</Filter>
    </FxCompile>
    <FxCompile Include="TitleShader_ps.hlsl">
      <Filter>Shader\TitleShader</Filter>
    </FxCompile>
    <FxCompile Include="TitleShader_vs.hlsl">
      <Filter>Shader\TitleShader</Filter>
    </FxCompile>
    <FxCompile Include="ModeSelectShader_ps.hlsl">
      <Filter>Shader\ModeSelectShader</Filter>
    </FxCompile>
    <FxCompile Include="ModeSelectShader_vs.hlsl">
      <Filter>Shader\ModeSelectShader</Filter>
    </FxCompile>
    <FxCompile Include="CharaSelectShader_vs.hlsl">
      <Filter>Shader\CharaSelectShader</Filter>
    </FxCompile>
    <FxCompile Include="CharaSelectShader_ps.hlsl">
      <Filter>Shader\CharaSelectShader</Filter>
    </FxCompile>
    <FxCompile Include="CyberShader_ps.hlsl">
      <Filter>Shader\CyberShader</Filter>
    </FxCompile>
    <FxCompile Include="CyberShader_vs.hlsl">
      <Filter>Shader\CyberShader</Filter>
    </FxCompile>
    <FxCompile Include="ConcentrationShader_vs.hlsl">
      <Filter>Shader\ConcentrationShader</Filter>
    </FxCompile>
    <FxCompile Include="ConcentrationShader_ps.hlsl">
      <Filter>Shader\ConcentrationShader</Filter>
    </FxCompile>
    <FxCompile Include="Tessellation_vs.hlsl">
      <Filter>Shader\Tessellation</Filter>
    </FxCompile>
    <FxCompile Include="Tessellation_hs.hlsl">
      <Filter>Shader\Tessellation</Filter>
    </FxCompile>
    <FxCompile Include="Tessellation_ds.hlsl">
      <Filter>Shader\Tessellation</Filter>
    </FxCompile>
    <FxCompile Include="Trajectory_vs.hlsl">
      <Filter>Shader\Trajectory</Filter>
    </FxCompile>
    <FxCompile Include="Trajectory_ps.hlsl">
      <Filter>Shader\Trajectory</Filter>
    </FxCompile>
    <FxCompile Include="Tessellation_ps.hlsl">
      <Filter>Shader\Tessellation</Filter>
    </FxCompile>
    <FxCompile Include="LoadShader_ps.hlsl">
      <Filter>Shader\LoadShader</Filter>
    </FxCompile>
    <FxCompile Include="LoadShader_vs.hlsl">
      <Filter>Shader\LoadShader</Filter>
    </FxCompile>
  </ItemGroup>
  <ItemGroup>
    <ClCompile Include="1PGamePad.cpp">
      <Filter>Game</Filter>
    </ClCompile>
    <ClCompile Include="2Pgamepad.cpp">
      <Filter>Game</Filter>
    </ClCompile>
    <ClCompile Include="AnimBoard.cpp">
      <Filter>Souce</Filter>
    </ClCompile>
    <ClCompile Include="AttackBox.cpp">
      <Filter>Game</Filter>
    </ClCompile>
    <ClCompile Include="Board_primitive.cpp">
      <Filter>Souce</Filter>
    </ClCompile>
    <ClCompile Include="camera.cpp">
      <Filter>Souce</Filter>
    </ClCompile>
    <ClCompile Include="CoList.cpp">
      <Filter>Game</Filter>
    </ClCompile>
    <ClCompile Include="Font.cpp">
      <Filter>Souce</Filter>
    </ClCompile>
    <ClCompile Include="framework.cpp">
      <Filter>Souce</Filter>
    </ClCompile>
    <ClCompile Include="Geometric_primitive.cpp">
      <Filter>Souce</Filter>
    </ClCompile>
    <ClCompile Include="HitBox.cpp">
      <Filter>Game</Filter>
    </ClCompile>
    <ClCompile Include="HitCheak.cpp">
      <Filter>Game</Filter>
    </ClCompile>
    <ClCompile Include="imgui\imgui.cpp">
      <Filter>ImGui</Filter>
    </ClCompile>
    <ClCompile Include="imgui\imgui_demo.cpp">
      <Filter>ImGui</Filter>
    </ClCompile>
    <ClCompile Include="imgui\imgui_draw.cpp">
      <Filter>ImGui</Filter>
    </ClCompile>
    <ClCompile Include="imgui\imgui_impl_dx11.cpp">
      <Filter>ImGui</Filter>
    </ClCompile>
    <ClCompile Include="imgui\imgui_impl_win32.cpp">
      <Filter>ImGui</Filter>
    </ClCompile>
    <ClCompile Include="imgui\imgui_widgets.cpp">
      <Filter>ImGui</Filter>
    </ClCompile>
    <ClCompile Include="main.cpp">
      <Filter>Souce</Filter>
    </ClCompile>
    <ClCompile Include="Sampler.cpp">
      <Filter>Souce</Filter>
    </ClCompile>
    <ClCompile Include="SceneGame.cpp">
      <Filter>Scene</Filter>
    </ClCompile>
    <ClCompile Include="SceneLoad.cpp">
      <Filter>Scene</Filter>
    </ClCompile>
    <ClCompile Include="SceneSelect.cpp">
      <Filter>Scene</Filter>
    </ClCompile>
    <ClCompile Include="SceneTest.cpp">
      <Filter>Scene</Filter>
    </ClCompile>
    <ClCompile Include="SceneTitle.cpp">
      <Filter>Scene</Filter>
    </ClCompile>
    <ClCompile Include="Skinned_mesh.cpp">
      <Filter>Souce</Filter>
    </ClCompile>
    <ClCompile Include="sprite.cpp">
      <Filter>Souce</Filter>
    </ClCompile>
    <ClCompile Include="static_mesh.cpp">
      <Filter>Souce</Filter>
    </ClCompile>
    <ClCompile Include="Texture.cpp">
      <Filter>Souce</Filter>
    </ClCompile>
    <ClCompile Include="World.cpp">
      <Filter>Game</Filter>
    </ClCompile>
    <ClCompile Include="YR_VECTOR3.cpp">
      <Filter>Souce</Filter>
    </ClCompile>
    <ClCompile Include="YRModel.cpp">
      <Filter>Souce</Filter>
    </ClCompile>
    <ClCompile Include="YRModelAnim.cpp">
      <Filter>Souce</Filter>
    </ClCompile>
    <ClCompile Include="YRMotion.cpp">
      <Filter>Souce</Filter>
    </ClCompile>
    <ClCompile Include="YRShader.cpp">
      <Filter>Souce</Filter>
    </ClCompile>
    <ClCompile Include="Blur.cpp">
      <Filter>Souce</Filter>
    </ClCompile>
    <ClCompile Include="framebuffer.cpp">
      <Filter>Souce</Filter>
    </ClCompile>
    <ClCompile Include="Knight.cpp">
      <Filter>Chara\Knight</Filter>
    </ClCompile>
    <ClCompile Include="KnightATK.cpp">
      <Filter>Chara\Knight</Filter>
    </ClCompile>
    <ClCompile Include="KnightIO.cpp">
      <Filter>Chara\Knight</Filter>
    </ClCompile>
    <ClCompile Include="Stage.cpp">
      <Filter>Scene</Filter>
    </ClCompile>
    <ClCompile Include="KnightLoad.cpp">
      <Filter>Chara\Knight</Filter>
    </ClCompile>
    <ClCompile Include="Effect.cpp">
      <Filter>Souce</Filter>
    </ClCompile>
    <ClCompile Include="YRSound.cpp">
      <Filter>Souce</Filter>
    </ClCompile>
    <ClCompile Include="AIControll.cpp">
      <Filter>Scene</Filter>
    </ClCompile>
    <ClCompile Include="InputListProcess.cpp">
      <Filter>Scene</Filter>
    </ClCompile>
    <ClCompile Include="Trajectory.cpp">
      <Filter>Souce</Filter>
    </ClCompile>
  </ItemGroup>
  <ItemGroup>
    <ClInclude Include="AnimBoard.h">
      <Filter>Header</Filter>
    </ClInclude>
    <ClInclude Include="AttackBox.h">
      <Filter>Game</Filter>
    </ClInclude>
    <ClInclude Include="Board_primitive.h">
      <Filter>Header</Filter>
    </ClInclude>
    <ClInclude Include="brend.h">
      <Filter>Header</Filter>
    </ClInclude>
    <ClInclude Include="camera.h">
      <Filter>Header</Filter>
    </ClInclude>
    <ClInclude Include="CoList.h">
      <Filter>Game</Filter>
    </ClInclude>
    <ClInclude Include="collision.h">
      <Filter>Header</Filter>
    </ClInclude>
    <ClInclude Include="Font.h">
      <Filter>Header</Filter>
    </ClInclude>
    <ClInclude Include="framework.h">
      <Filter>Header</Filter>
    </ClInclude>
    <ClInclude Include="Geometric_primitive.h">
      <Filter>Header</Filter>
    </ClInclude>
    <ClInclude Include="high_resolution_timer.h">
      <Filter>Header</Filter>
    </ClInclude>
    <ClInclude Include="HitBox.h">
      <Filter>Game</Filter>
    </ClInclude>
    <ClInclude Include="HitCheak.h">
      <Filter>Game</Filter>
    </ClInclude>
    <ClInclude Include="imgui\imconfig.h">
      <Filter>ImGui</Filter>
    </ClInclude>
    <ClInclude Include="imgui\imgui.h">
      <Filter>ImGui</Filter>
    </ClInclude>
    <ClInclude Include="imgui\imgui_impl_dx11.h">
      <Filter>ImGui</Filter>
    </ClInclude>
    <ClInclude Include="imgui\imgui_impl_win32.h">
      <Filter>ImGui</Filter>
    </ClInclude>
    <ClInclude Include="imgui\imgui_internal.h">
      <Filter>ImGui</Filter>
    </ClInclude>
    <ClInclude Include="imgui\imstb_rectpack.h">
      <Filter>ImGui</Filter>
    </ClInclude>
    <ClInclude Include="imgui\imstb_textedit.h">
      <Filter>ImGui</Filter>
    </ClInclude>
    <ClInclude Include="imgui\imstb_truetype.h">
      <Filter>ImGui</Filter>
    </ClInclude>
    <ClInclude Include="Key.h">
      <Filter>Game</Filter>
    </ClInclude>
    <ClInclude Include="misc.h">
      <Filter>Header</Filter>
    </ClInclude>
    <ClInclude Include="PlayerBase.h">
      <Filter>Chara</Filter>
    </ClInclude>
    <ClInclude Include="Sampler.h">
      <Filter>Header</Filter>
    </ClInclude>
    <ClInclude Include="Scene.h">
      <Filter>Scene</Filter>
    </ClInclude>
    <ClInclude Include="Skinned_mesh.h">
      <Filter>Header</Filter>
    </ClInclude>
    <ClInclude Include="sprite.h">
      <Filter>Header</Filter>
    </ClInclude>
    <ClInclude Include="static_mesh.h">
      <Filter>Header</Filter>
    </ClInclude>
    <ClInclude Include="Texture.h">
      <Filter>Header</Filter>
    </ClInclude>
    <ClInclude Include="Tracking.h">
      <Filter>Game</Filter>
    </ClInclude>
    <ClInclude Include="World.h">
      <Filter>Game</Filter>
    </ClInclude>
    <ClInclude Include="YRModel.h">
      <Filter>Header</Filter>
    </ClInclude>
    <ClInclude Include="YRModelAnim.h">
      <Filter>Header</Filter>
    </ClInclude>
    <ClInclude Include="YRMouse.h">
      <Filter>Header</Filter>
    </ClInclude>
    <ClInclude Include="YRShader.h">
      <Filter>Header</Filter>
    </ClInclude>
    <ClInclude Include="YRGamePad.h">
      <Filter>Game</Filter>
    </ClInclude>
    <ClInclude Include="Blur.h">
      <Filter>Header</Filter>
    </ClInclude>
    <ClInclude Include="framebuffer.h">
      <Filter>Header</Filter>
    </ClInclude>
    <ClInclude Include="Knight.h">
      <Filter>Chara\Knight</Filter>
    </ClInclude>
    <ClInclude Include="YR_VectorMaster.h">
      <Filter>Header</Filter>
    </ClInclude>
    <ClInclude Include="Effect.h">
      <Filter>Header</Filter>
    </ClInclude>
    <ClInclude Include="EXlib\Effekseer.h">
      <Filter>EXlib\Effekseer</Filter>
    </ClInclude>
    <ClInclude Include="EXlib\EffekseerRendererDX11.h">
      <Filter>EXlib\Effekseer</Filter>
    </ClInclude>
    <ClInclude Include="YRSound.h">
      <Filter>Header</Filter>
    </ClInclude>
    <ClInclude Include="Resource.h">
      <Filter>Header</Filter>
    </ClInclude>
    <ClInclude Include="Trajectory.h">
      <Filter>Header</Filter>
    </ClInclude>
  </ItemGroup>
  <ItemGroup>
    <None Include="AnimShader.hlsli">
      <Filter>Shader\AnimShader</Filter>
    </None>
    <None Include="board.hlsli">
      <Filter>Shader\boardShader</Filter>
    </None>
    <None Include="Font.hlsli">
      <Filter>Shader\FontShader</Filter>
    </None>
    <None Include="geometric_primitive.hlsli">
      <Filter>Shader\geometric_primitiveShader</Filter>
    </None>
    <None Include="Mesh_Static.hlsli">
      <Filter>Shader\Mesh_StaticShader</Filter>
    </None>
    <None Include="ParallelToon.hlsli">
      <Filter>Shader\ParallelToonShader</Filter>
    </None>
    <None Include="Skinned_mesh.hlsli">
      <Filter>Shader\SkinnedMeshShader</Filter>
    </None>
    <None Include="sprite.hlsli">
      <Filter>Shader\spriteShader</Filter>
    </None>
    <None Include="SpriteEx.hlsli">
      <Filter>Shader\SpriteExShader</Filter>
    </None>
    <None Include="toGbuffer.hlsli">
      <Filter>Shader\toGbufferShader</Filter>
    </None>
    <None Include="ToonShader.hlsli">
      <Filter>Shader\ToonShader</Filter>
    </None>
    <None Include="flatShader.hlsli">
      <Filter>Shader\flatShader</Filter>
    </None>
    <None Include="GaussShader.hlsli">
      <Filter>Shader\GauseShader</Filter>
    </None>
    <None Include="MultiGaussShader.hlsli">
      <Filter>Shader\MultiGaussShader</Filter>
    </None>
    <None Include="furShader.hlsli">
      <Filter>Shader\furShader</Filter>
    </None>
    <None Include="SkyMapShader.hlsli">
      <Filter>Shader\SkyMapShader</Filter>
    </None>
    <None Include="TitleShader.hlsli">
      <Filter>Shader\TitleShader</Filter>
    </None>
    <None Include="ModeSelectShader.hlsli">
      <Filter>Shader\ModeSelectShader</Filter>
    </None>
    <None Include="CharaSelectShader.hlsli">
      <Filter>Shader\CharaSelectShader</Filter>
    </None>
    <None Include="ShaderToy.hlsli">
      <Filter>Shader</Filter>
    </None>
    <None Include="CyberShader.hlsli">
      <Filter>Shader\CyberShader</Filter>
    </None>
    <None Include="ConcentrationShader.hlsli">
      <Filter>Shader\ConcentrationShader</Filter>
    </None>
    <None Include="Tessellation.hlsli">
      <Filter>Shader\Tessellation</Filter>
    </None>
    <None Include="Trajectory.hlsli">
      <Filter>Shader\Trajectory</Filter>
    </None>
    <None Include="LoadShader.hlsli">
      <Filter>Shader\LoadShader</Filter>
    </None>
  </ItemGroup>
  <ItemGroup>
    <Filter Include="Shader">
      <UniqueIdentifier>{314308c0-0142-49cc-8bf2-32880260609e}</UniqueIdentifier>
    </Filter>
    <Filter Include="Scene">
      <UniqueIdentifier>{6658abc3-8a81-4c07-8ef7-a53c0d6ba7a2}</UniqueIdentifier>
    </Filter>
    <Filter Include="Game">
      <UniqueIdentifier>{37220598-b1e0-44f1-9005-a64df9a135b5}</UniqueIdentifier>
    </Filter>
    <Filter Include="Chara">
      <UniqueIdentifier>{9320cb26-f18e-4925-a183-7bbf06adf297}</UniqueIdentifier>
    </Filter>
    <Filter Include="Souce">
      <UniqueIdentifier>{880d0374-9d63-4063-8f23-7dae3cfb010f}</UniqueIdentifier>
    </Filter>
    <Filter Include="Header">
      <UniqueIdentifier>{d9701e33-e12e-4d27-b7c0-4e1cd6313efb}</UniqueIdentifier>
    </Filter>
    <Filter Include="ImGui">
      <UniqueIdentifier>{975cfb69-e398-4642-8c67-0a8dad034548}</UniqueIdentifier>
    </Filter>
    <Filter Include="Shader\AnimShader">
      <UniqueIdentifier>{ebb3d952-4787-4df8-b821-fe93850f3667}</UniqueIdentifier>
    </Filter>
    <Filter Include="Shader\boardShader">
      <UniqueIdentifier>{bc7796cb-c848-4d6e-99d7-dd919cd8b5b5}</UniqueIdentifier>
    </Filter>
    <Filter Include="Shader\FontShader">
      <UniqueIdentifier>{44cb720b-08df-4302-a696-d55a10f5be8a}</UniqueIdentifier>
    </Filter>
    <Filter Include="Shader\geometric_primitiveShader">
      <UniqueIdentifier>{d59ec803-7552-4163-8f49-5532989c470c}</UniqueIdentifier>
    </Filter>
    <Filter Include="Shader\Mesh_StaticShader">
      <UniqueIdentifier>{cb0c02d5-b70f-4789-b963-6051e91fdae4}</UniqueIdentifier>
    </Filter>
    <Filter Include="Shader\ParallelToonShader">
      <UniqueIdentifier>{0fc2a422-3f5d-484a-9e46-f6137324dee2}</UniqueIdentifier>
    </Filter>
    <Filter Include="Shader\SkinnedMeshShader">
      <UniqueIdentifier>{3c968741-3a03-4aa4-9d39-3c15b33ddf4c}</UniqueIdentifier>
    </Filter>
    <Filter Include="Shader\spriteShader">
      <UniqueIdentifier>{ecdd447b-a303-403d-b6c8-7c138afa3a83}</UniqueIdentifier>
    </Filter>
    <Filter Include="Shader\SpriteExShader">
      <UniqueIdentifier>{196806d6-845b-4540-b273-d5346e898740}</UniqueIdentifier>
    </Filter>
    <Filter Include="Shader\toGbufferShader">
      <UniqueIdentifier>{7845d37f-d659-41e2-a69e-615e37e1bf7f}</UniqueIdentifier>
    </Filter>
    <Filter Include="Shader\ToonShader">
      <UniqueIdentifier>{80ae53fa-9530-4b22-85f7-eeda2e7b1d4e}</UniqueIdentifier>
    </Filter>
    <Filter Include="Shader\flatShader">
      <UniqueIdentifier>{b75bf0b8-9771-421e-a180-2774ad475833}</UniqueIdentifier>
    </Filter>
    <Filter Include="Shader\GauseShader">
      <UniqueIdentifier>{70df752f-f732-42b1-9ad7-dd4c0b79988a}</UniqueIdentifier>
    </Filter>
    <Filter Include="Shader\MultiGaussShader">
      <UniqueIdentifier>{2534bc36-6b53-450a-b5a4-b677caf126cc}</UniqueIdentifier>
    </Filter>
    <Filter Include="Shader\furShader">
      <UniqueIdentifier>{fb88459f-daa2-4ced-ae22-a3d5c78db467}</UniqueIdentifier>
    </Filter>
    <Filter Include="Chara\Knight">
      <UniqueIdentifier>{8715d91a-395a-4d38-88ee-399fbe88c70c}</UniqueIdentifier>
    </Filter>
    <Filter Include="Shader\SkyMapShader">
      <UniqueIdentifier>{6ed5c030-8a72-4171-bd4b-c31649de38b3}</UniqueIdentifier>
    </Filter>
    <Filter Include="EXlib">
      <UniqueIdentifier>{3f10e88f-5ea3-44c2-ab72-97435f2d3caa}</UniqueIdentifier>
    </Filter>
    <Filter Include="EXlib\Effekseer">
      <UniqueIdentifier>{e044e26b-8ef0-4875-aa46-33e2ff468618}</UniqueIdentifier>
    </Filter>
    <Filter Include="Shader\TitleShader">
      <UniqueIdentifier>{f71697e9-0394-4bdf-a0c5-e164b11de95f}</UniqueIdentifier>
    </Filter>
    <Filter Include="Resource">
      <UniqueIdentifier>{61f1b81b-9692-448b-897a-bb0c4e61e40c}</UniqueIdentifier>
    </Filter>
    <Filter Include="Shader\ModeSelectShader">
      <UniqueIdentifier>{25538fba-3bff-4b57-9771-d497d358af3c}</UniqueIdentifier>
    </Filter>
    <Filter Include="Shader\CharaSelectShader">
      <UniqueIdentifier>{68e5516e-6fb2-4a7e-8749-0f8f5e2be420}</UniqueIdentifier>
    </Filter>
    <Filter Include="Shader\CyberShader">
      <UniqueIdentifier>{81c4f818-effa-4c43-befa-2d81ca51061b}</UniqueIdentifier>
    </Filter>
    <Filter Include="Shader\ConcentrationShader">
      <UniqueIdentifier>{0206af5d-a27d-451c-a66d-e4200a80e5fb}</UniqueIdentifier>
    </Filter>
    <Filter Include="Shader\Tessellation">
      <UniqueIdentifier>{513fe500-ed02-474c-b79d-b797cb8f06fe}</UniqueIdentifier>
    </Filter>
    <Filter Include="Shader\Trajectory">
      <UniqueIdentifier>{79762939-0eb9-41c1-ad0c-04d3fb5b66b0}</UniqueIdentifier>
    </Filter>
    <Filter Include="Shader\LoadShader">
      <UniqueIdentifier>{7f7ea94d-313f-470f-a963-d73de75c0280}</UniqueIdentifier>
    </Filter>
  </ItemGroup>
  <ItemGroup>
    <Image Include="Data\Image\UI\icon\icon.ico">
      <Filter>Resource</Filter>
    </Image>
  </ItemGroup>
  <ItemGroup>
    <ResourceCompile Include="Resource.rc">
      <Filter>Resource</Filter>
    </ResourceCompile>
  </ItemGroup>
</Project>