<?xml version="1.0" encoding="utf-8"?>
<Project ToolsVersion="4.0" xmlns="http://schemas.microsoft.com/developer/msbuild/2003">
  <ItemGroup>
    <ClCompile Include="imgui\imgui.cpp">
      <Filter>ImGui</Filter>
    </ClCompile>
    <ClCompile Include="imgui\imgui_demo.cpp">
      <Filter>ImGui</Filter>
    </ClCompile>
    <ClCompile Include="imgui\imgui_draw.cpp">
      <Filter>ImGui</Filter>
    </ClCompile>
    <ClCompile Include="imgui\imgui_impl_dx11.cpp">
      <Filter>ImGui</Filter>
    </ClCompile>
    <ClCompile Include="imgui\imgui_impl_win32.cpp">
      <Filter>ImGui</Filter>
    </ClCompile>
    <ClCompile Include="imgui\imgui_widgets.cpp">
      <Filter>ImGui</Filter>
    </ClCompile>
    <ClCompile Include="SourceCode\Effect.cpp" />
    <ClCompile Include="SourceCode\Font.cpp" />
    <ClCompile Include="SourceCode\framebuffer.cpp" />
    <ClCompile Include="SourceCode\framework.cpp" />
    <ClCompile Include="SourceCode\main.cpp" />
    <ClCompile Include="SourceCode\Sampler.cpp" />
    <ClCompile Include="SourceCode\sprite.cpp" />
    <ClCompile Include="SourceCode\static_mesh.cpp" />
    <ClCompile Include="SourceCode\Texture.cpp" />
    <ClCompile Include="SourceCode\Trajectory.cpp" />
    <ClCompile Include="SourceCode\YR_VECTOR3.cpp" />
    <ClCompile Include="SourceCode\YRShader.cpp" />
    <ClCompile Include="SourceCode\YRSound.cpp" />
    <ClCompile Include="SourceCode\Chara\Knight\Knight.cpp" />
    <ClCompile Include="SourceCode\Chara\Knight\KnightATK.cpp" />
    <ClCompile Include="SourceCode\Chara\Knight\KnightLoad.cpp" />
    <ClCompile Include="SourceCode\Chara\PlayerBase\PlayerBase.cpp" />
    <ClCompile Include="SourceCode\Chara\PlayerBase\PlayerBaseATK.cpp" />
    <ClCompile Include="SourceCode\Chara\PlayerBase\PlayerBaseIO.cpp" />
    <ClCompile Include="SourceCode\Game\HitBox.cpp" />
    <ClCompile Include="SourceCode\Game\HitCheak.cpp" />
    <ClCompile Include="SourceCode\Game\InputListProcess.cpp" />
    <ClCompile Include="SourceCode\Game\Stage.cpp" />
    <ClCompile Include="SourceCode\Game\World.cpp" />
    <ClCompile Include="SourceCode\Model\Geometric_primitive.cpp" />
    <ClCompile Include="SourceCode\Model\Skinned_mesh.cpp" />
    <ClCompile Include="SourceCode\Model\YRModel.cpp" />
    <ClCompile Include="SourceCode\Model\YRModelAnim.cpp" />
    <ClCompile Include="SourceCode\Model\YRMotion.cpp" />
    <ClCompile Include="SourceCode\Scene\SceneGame.cpp" />
    <ClCompile Include="SourceCode\Scene\SceneLoad.cpp" />
    <ClCompile Include="SourceCode\Scene\SceneSelect.cpp" />
    <ClCompile Include="SourceCode\Scene\SceneTest.cpp" />
    <ClCompile Include="SourceCode\Scene\SceneTitle.cpp" />
    <ClCompile Include="SourceCode\Chara\Neru\Neru.cpp" />
    <ClCompile Include="SourceCode\Chara\Neru\NeruATK.cpp" />
    <ClCompile Include="SourceCode\Chara\Neru\NeruLoad.cpp" />
    <ClCompile Include="SourceCode\Game\1PGamePad.cpp">
      <Filter>Game</Filter>
    </ClCompile>
    <ClCompile Include="SourceCode\Game\2Pgamepad.cpp">
      <Filter>Game</Filter>
    </ClCompile>
    <ClCompile Include="SourceCode\Game\AIControll.cpp">
      <Filter>Game</Filter>
    </ClCompile>
    <ClCompile Include="SourceCode\Model\AnimBoard.cpp">
      <Filter>Souce</Filter>
    </ClCompile>
    <ClCompile Include="SourceCode\Game\AttackBox.cpp">
      <Filter>Game</Filter>
    </ClCompile>
    <ClCompile Include="SourceCode\Blur.cpp">
      <Filter>Souce</Filter>
    </ClCompile>
    <ClCompile Include="SourceCode\Model\Board_primitive.cpp">
      <Filter>Souce</Filter>
    </ClCompile>
    <ClCompile Include="SourceCode\camera.cpp">
      <Filter>Souce</Filter>
    </ClCompile>
    <ClCompile Include="SourceCode\Game\CoList.cpp">
      <Filter>Game</Filter>
    </ClCompile>
  </ItemGroup>
  <ItemGroup>
    <ClInclude Include="imgui\imconfig.h">
      <Filter>ImGui</Filter>
    </ClInclude>
    <ClInclude Include="imgui\imgui.h">
      <Filter>ImGui</Filter>
    </ClInclude>
    <ClInclude Include="imgui\imgui_impl_dx11.h">
      <Filter>ImGui</Filter>
    </ClInclude>
    <ClInclude Include="imgui\imgui_impl_win32.h">
      <Filter>ImGui</Filter>
    </ClInclude>
    <ClInclude Include="imgui\imgui_internal.h">
      <Filter>ImGui</Filter>
    </ClInclude>
    <ClInclude Include="imgui\imstb_rectpack.h">
      <Filter>ImGui</Filter>
    </ClInclude>
    <ClInclude Include="imgui\imstb_textedit.h">
      <Filter>ImGui</Filter>
    </ClInclude>
    <ClInclude Include="imgui\imstb_truetype.h">
      <Filter>ImGui</Filter>
    </ClInclude>
    <ClInclude Include="EXlib\Effekseer.h">
      <Filter>EXlib\Effekseer</Filter>
    </ClInclude>
    <ClInclude Include="EXlib\EffekseerRendererDX11.h">
      <Filter>EXlib\Effekseer</Filter>
    </ClInclude>
    <ClInclude Include="SourceCode\Effect.h" />
    <ClInclude Include="SourceCode\Font.h" />
    <ClInclude Include="SourceCode\framebuffer.h" />
    <ClInclude Include="SourceCode\framework.h" />
    <ClInclude Include="SourceCode\high_resolution_timer.h" />
    <ClInclude Include="SourceCode\Key.h" />
    <ClInclude Include="SourceCode\misc.h" />
    <ClInclude Include="SourceCode\Resource.h" />
    <ClInclude Include="SourceCode\Sampler.h" />
    <ClInclude Include="SourceCode\sprite.h" />
    <ClInclude Include="SourceCode\static_mesh.h" />
    <ClInclude Include="SourceCode\Texture.h" />
    <ClInclude Include="SourceCode\Trajectory.h" />
    <ClInclude Include="SourceCode\YR_VectorMaster.h" />
    <ClInclude Include="SourceCode\YRMouse.h" />
    <ClInclude Include="SourceCode\YRShader.h" />
    <ClInclude Include="SourceCode\YRSound.h" />
    <ClInclude Include="SourceCode\Chara\Knight\Knight.h" />
    <ClInclude Include="SourceCode\Chara\PlayerBase\Player_name_list.h" />
    <ClInclude Include="SourceCode\Chara\PlayerBase\PlayerBase.h" />
    <ClInclude Include="SourceCode\Game\HitBox.h" />
    <ClInclude Include="SourceCode\Game\HitCheak.h" />
    <ClInclude Include="SourceCode\Game\Tracking.h" />
    <ClInclude Include="SourceCode\Game\World.h" />
    <ClInclude Include="SourceCode\Game\YRGamePad.h" />
    <ClInclude Include="SourceCode\Model\Geometric_primitive.h" />
    <ClInclude Include="SourceCode\Model\Skinned_mesh.h" />
    <ClInclude Include="SourceCode\Model\YRModel.h" />
    <ClInclude Include="SourceCode\Model\YRModelAnim.h" />
    <ClInclude Include="SourceCode\Scene\Scene.h" />
    <ClInclude Include="SourceCode\Chara\Neru\Neru.h" />
    <ClInclude Include="SourceCode\Model\AnimBoard.h">
      <Filter>Header</Filter>
    </ClInclude>
    <ClInclude Include="SourceCode\Game\AttackBox.h">
      <Filter>Game</Filter>
    </ClInclude>
    <ClInclude Include="SourceCode\Blur.h">
      <Filter>Header</Filter>
    </ClInclude>
    <ClInclude Include="SourceCode\Model\Board_primitive.h">
      <Filter>Header</Filter>
    </ClInclude>
    <ClInclude Include="SourceCode\brend.h">
      <Filter>Header</Filter>
    </ClInclude>
    <ClInclude Include="SourceCode\camera.h">
      <Filter>Header</Filter>
    </ClInclude>
    <ClInclude Include="SourceCode\Game\CoList.h">
      <Filter>Game</Filter>
    </ClInclude>
    <ClInclude Include="SourceCode\Game\collision.h">
      <Filter>Game</Filter>
    </ClInclude>
    <ClInclude Include="SourceCode\easing\easing.h" />
  </ItemGroup>
  <ItemGroup>
    <Filter Include="Shader">
      <UniqueIdentifier>{314308c0-0142-49cc-8bf2-32880260609e}</UniqueIdentifier>
    </Filter>
    <Filter Include="Scene">
      <UniqueIdentifier>{6658abc3-8a81-4c07-8ef7-a53c0d6ba7a2}</UniqueIdentifier>
    </Filter>
    <Filter Include="Game">
      <UniqueIdentifier>{37220598-b1e0-44f1-9005-a64df9a135b5}</UniqueIdentifier>
    </Filter>
    <Filter Include="Chara">
      <UniqueIdentifier>{9320cb26-f18e-4925-a183-7bbf06adf297}</UniqueIdentifier>
    </Filter>
    <Filter Include="Souce">
      <UniqueIdentifier>{880d0374-9d63-4063-8f23-7dae3cfb010f}</UniqueIdentifier>
    </Filter>
    <Filter Include="Header">
      <UniqueIdentifier>{d9701e33-e12e-4d27-b7c0-4e1cd6313efb}</UniqueIdentifier>
    </Filter>
    <Filter Include="ImGui">
      <UniqueIdentifier>{975cfb69-e398-4642-8c67-0a8dad034548}</UniqueIdentifier>
    </Filter>
    <Filter Include="Shader\AnimShader">
      <UniqueIdentifier>{ebb3d952-4787-4df8-b821-fe93850f3667}</UniqueIdentifier>
    </Filter>
    <Filter Include="Shader\boardShader">
      <UniqueIdentifier>{bc7796cb-c848-4d6e-99d7-dd919cd8b5b5}</UniqueIdentifier>
    </Filter>
    <Filter Include="Shader\FontShader">
      <UniqueIdentifier>{44cb720b-08df-4302-a696-d55a10f5be8a}</UniqueIdentifier>
    </Filter>
    <Filter Include="Shader\geometric_primitiveShader">
      <UniqueIdentifier>{d59ec803-7552-4163-8f49-5532989c470c}</UniqueIdentifier>
    </Filter>
    <Filter Include="Shader\Mesh_StaticShader">
      <UniqueIdentifier>{cb0c02d5-b70f-4789-b963-6051e91fdae4}</UniqueIdentifier>
    </Filter>
    <Filter Include="Shader\ParallelToonShader">
      <UniqueIdentifier>{0fc2a422-3f5d-484a-9e46-f6137324dee2}</UniqueIdentifier>
    </Filter>
    <Filter Include="Shader\SkinnedMeshShader">
      <UniqueIdentifier>{3c968741-3a03-4aa4-9d39-3c15b33ddf4c}</UniqueIdentifier>
    </Filter>
    <Filter Include="Shader\spriteShader">
      <UniqueIdentifier>{ecdd447b-a303-403d-b6c8-7c138afa3a83}</UniqueIdentifier>
    </Filter>
    <Filter Include="Shader\SpriteExShader">
      <UniqueIdentifier>{196806d6-845b-4540-b273-d5346e898740}</UniqueIdentifier>
    </Filter>
    <Filter Include="Shader\toGbufferShader">
      <UniqueIdentifier>{7845d37f-d659-41e2-a69e-615e37e1bf7f}</UniqueIdentifier>
    </Filter>
    <Filter Include="Shader\ToonShader">
      <UniqueIdentifier>{80ae53fa-9530-4b22-85f7-eeda2e7b1d4e}</UniqueIdentifier>
    </Filter>
    <Filter Include="Shader\flatShader">
      <UniqueIdentifier>{b75bf0b8-9771-421e-a180-2774ad475833}</UniqueIdentifier>
    </Filter>
    <Filter Include="Shader\GauseShader">
      <UniqueIdentifier>{70df752f-f732-42b1-9ad7-dd4c0b79988a}</UniqueIdentifier>
    </Filter>
    <Filter Include="Shader\MultiGaussShader">
      <UniqueIdentifier>{2534bc36-6b53-450a-b5a4-b677caf126cc}</UniqueIdentifier>
    </Filter>
    <Filter Include="Shader\furShader">
      <UniqueIdentifier>{fb88459f-daa2-4ced-ae22-a3d5c78db467}</UniqueIdentifier>
    </Filter>
    <Filter Include="Chara\Knight">
      <UniqueIdentifier>{8715d91a-395a-4d38-88ee-399fbe88c70c}</UniqueIdentifier>
    </Filter>
    <Filter Include="Shader\SkyMapShader">
      <UniqueIdentifier>{6ed5c030-8a72-4171-bd4b-c31649de38b3}</UniqueIdentifier>
    </Filter>
    <Filter Include="EXlib">
      <UniqueIdentifier>{3f10e88f-5ea3-44c2-ab72-97435f2d3caa}</UniqueIdentifier>
    </Filter>
    <Filter Include="EXlib\Effekseer">
      <UniqueIdentifier>{e044e26b-8ef0-4875-aa46-33e2ff468618}</UniqueIdentifier>
    </Filter>
    <Filter Include="Shader\TitleShader">
      <UniqueIdentifier>{f71697e9-0394-4bdf-a0c5-e164b11de95f}</UniqueIdentifier>
    </Filter>
    <Filter Include="Resource">
      <UniqueIdentifier>{61f1b81b-9692-448b-897a-bb0c4e61e40c}</UniqueIdentifier>
    </Filter>
    <Filter Include="Shader\ModeSelectShader">
      <UniqueIdentifier>{25538fba-3bff-4b57-9771-d497d358af3c}</UniqueIdentifier>
    </Filter>
    <Filter Include="Shader\CharaSelectShader">
      <UniqueIdentifier>{68e5516e-6fb2-4a7e-8749-0f8f5e2be420}</UniqueIdentifier>
    </Filter>
    <Filter Include="Shader\CyberShader">
      <UniqueIdentifier>{81c4f818-effa-4c43-befa-2d81ca51061b}</UniqueIdentifier>
    </Filter>
    <Filter Include="Shader\ConcentrationShader">
      <UniqueIdentifier>{0206af5d-a27d-451c-a66d-e4200a80e5fb}</UniqueIdentifier>
    </Filter>
    <Filter Include="Shader\Tessellation">
      <UniqueIdentifier>{513fe500-ed02-474c-b79d-b797cb8f06fe}</UniqueIdentifier>
    </Filter>
    <Filter Include="Shader\Trajectory">
      <UniqueIdentifier>{79762939-0eb9-41c1-ad0c-04d3fb5b66b0}</UniqueIdentifier>
    </Filter>
    <Filter Include="Shader\LoadShader">
      <UniqueIdentifier>{7f7ea94d-313f-470f-a963-d73de75c0280}</UniqueIdentifier>
    </Filter>
    <Filter Include="Chara\PlayerBase">
      <UniqueIdentifier>{af44636f-445c-431c-bb66-d54bc084cf47}</UniqueIdentifier>
    </Filter>
    <Filter Include="Shader\SilexarsShader">
      <UniqueIdentifier>{49f006fe-6b47-458f-93ee-a55ca94f386d}</UniqueIdentifier>
    </Filter>
    <Filter Include="Chara\Neru">
      <UniqueIdentifier>{4aa87b8a-75c1-4851-8726-ccf5c7c20d1a}</UniqueIdentifier>
    </Filter>
  </ItemGroup>
  <ItemGroup>
    <Image Include="Data\Image\UI\icon\icon.ico">
      <Filter>Resource</Filter>
    </Image>
  </ItemGroup>
  <ItemGroup>
    <ResourceCompile Include="SourceCode\Resource.rc" />
  </ItemGroup>
  <ItemGroup>
    <None Include="SourceCode\Shader\Tessellation\Tessellation.hlsli" />
    <None Include="SourceCode\Shader\Title\TitleShader.hlsli" />
    <None Include="SourceCode\Shader\ToGbuffer\toGbuffer.hlsli" />
    <None Include="SourceCode\Shader\Toon\ToonShader.hlsli" />
    <None Include="SourceCode\Shader\Trajectory\Trajectory.hlsli" />
    <None Include="SourceCode\Shader\Anim\AnimShader.hlsli">
      <Filter>Shader\AnimShader</Filter>
    </None>
    <None Include="SourceCode\Shader\board\board.hlsli">
      <Filter>Shader\boardShader</Filter>
    </None>
    <None Include="SourceCode\Shader\CharaSelect\CharaSelectShader.hlsli">
      <Filter>Shader\CharaSelectShader</Filter>
    </None>
    <None Include="SourceCode\Shader\Concentration\ConcentrationShader.hlsli">
      <Filter>Shader\ConcentrationShader</Filter>
    </None>
    <None Include="SourceCode\Shader\Cyber\CyberShader.hlsli">
      <Filter>Shader\CyberShader</Filter>
    </None>
    <None Include="SourceCode\Shader\flat\flatShader.hlsli">
      <Filter>Shader\flatShader</Filter>
    </None>
    <None Include="SourceCode\Shader\Font\Font.hlsli">
      <Filter>Shader\FontShader</Filter>
    </None>
    <None Include="SourceCode\Shader\fur\furShader.hlsli">
      <Filter>Shader\furShader</Filter>
    </None>
    <None Include="SourceCode\Shader\Gauss\GaussShader.hlsli">
      <Filter>Shader\GauseShader</Filter>
    </None>
    <None Include="SourceCode\Shader\geometric_primitive\geometric_primitive.hlsli">
      <Filter>Shader\geometric_primitiveShader</Filter>
    </None>
    <None Include="SourceCode\Shader\Load\LoadShader.hlsli">
      <Filter>Shader\LoadShader</Filter>
    </None>
    <None Include="SourceCode\Shader\Mesh_Static\Mesh_Static.hlsli">
      <Filter>Shader\Mesh_StaticShader</Filter>
    </None>
    <None Include="SourceCode\Shader\ModeSelect\ModeSelectShader.hlsli">
      <Filter>Shader\ModeSelectShader</Filter>
    </None>
    <None Include="SourceCode\Shader\MultiGauss\MultiGaussShader.hlsli">
      <Filter>Shader\MultiGaussShader</Filter>
    </None>
    <None Include="SourceCode\Shader\ParalleToon\ParallelToon.hlsli">
      <Filter>Shader\ParallelToonShader</Filter>
    </None>
    <None Include="SourceCode\Shader\Silexars\SilexarsShader.hlsli">
      <Filter>Shader\SilexarsShader</Filter>
    </None>
    <None Include="SourceCode\Shader\Skinned\Skinned_mesh.hlsli">
      <Filter>Shader\SkinnedMeshShader</Filter>
    </None>
    <None Include="SourceCode\Shader\ShaderToy.hlsli">
      <Filter>Shader</Filter>
    </None>
    <None Include="SourceCode\Shader\SkyMap\SkyMapShader.hlsli">
      <Filter>Shader\SkyMapShader</Filter>
    </None>
    <None Include="SourceCode\Shader\sprite\sprite.hlsli">
      <Filter>Shader\spriteShader</Filter>
    </None>
    <None Include="SourceCode\Shader\SpriteEx\SpriteEx.hlsli">
      <Filter>Shader\SpriteExShader</Filter>
    </None>
  </ItemGroup>
  <ItemGroup>
    <FxCompile Include="SourceCode\Shader\Tessellation\Tessellation_ds.hlsl" />
    <FxCompile Include="SourceCode\Shader\Tessellation\Tessellation_hs.hlsl" />
    <FxCompile Include="SourceCode\Shader\Tessellation\Tessellation_ps.hlsl" />
    <FxCompile Include="SourceCode\Shader\Tessellation\Tessellation_vs.hlsl" />
    <FxCompile Include="SourceCode\Shader\Title\TitleShader_ps.hlsl" />
    <FxCompile Include="SourceCode\Shader\Title\TitleShader_vs.hlsl" />
    <FxCompile Include="SourceCode\Shader\ToGbuffer\toGbuffer_ps.hlsl" />
    <FxCompile Include="SourceCode\Shader\ToGbuffer\toGbuffer_vs.hlsl" />
    <FxCompile Include="SourceCode\Shader\Toon\ToonShader_gs.hlsl" />
    <FxCompile Include="SourceCode\Shader\Toon\ToonShader_ps.hlsl" />
    <FxCompile Include="SourceCode\Shader\Toon\ToonShader_vs.hlsl" />
    <FxCompile Include="SourceCode\Shader\Trajectory\Trajectory_ps.hlsl" />
    <FxCompile Include="SourceCode\Shader\Trajectory\Trajectory_vs.hlsl" />
    <FxCompile Include="SourceCode\Shader\Anim\AnimShader_gs.hlsl">
      <Filter>Shader\AnimShader</Filter>
    </FxCompile>
    <FxCompile Include="SourceCode\Shader\Anim\AnimShader_ps.hlsl">
      <Filter>Shader\AnimShader</Filter>
    </FxCompile>
    <FxCompile Include="SourceCode\Shader\Anim\AnimShader_vs.hlsl">
      <Filter>Shader\AnimShader</Filter>
    </FxCompile>
    <FxCompile Include="SourceCode\Shader\board\board_ps.hlsl">
      <Filter>Shader\boardShader</Filter>
    </FxCompile>
    <FxCompile Include="SourceCode\Shader\board\board_vs.hlsl">
      <Filter>Shader\boardShader</Filter>
    </FxCompile>
    <FxCompile Include="SourceCode\Shader\CharaSelect\CharaSelectShader_ps.hlsl">
      <Filter>Shader\CharaSelectShader</Filter>
    </FxCompile>
    <FxCompile Include="SourceCode\Shader\CharaSelect\CharaSelectShader_vs.hlsl">
      <Filter>Shader\CharaSelectShader</Filter>
    </FxCompile>
    <FxCompile Include="SourceCode\Shader\Concentration\ConcentrationShader_ps.hlsl">
      <Filter>Shader\ConcentrationShader</Filter>
    </FxCompile>
    <FxCompile Include="SourceCode\Shader\Concentration\ConcentrationShader_vs.hlsl">
      <Filter>Shader\ConcentrationShader</Filter>
    </FxCompile>
    <FxCompile Include="SourceCode\Shader\Cyber\CyberShader_ps.hlsl">
      <Filter>Shader\CyberShader</Filter>
    </FxCompile>
    <FxCompile Include="SourceCode\Shader\Cyber\CyberShader_vs.hlsl">
      <Filter>Shader\CyberShader</Filter>
    </FxCompile>
    <FxCompile Include="SourceCode\Shader\flat\flatShader_gs.hlsl">
      <Filter>Shader\flatShader</Filter>
    </FxCompile>
    <FxCompile Include="SourceCode\Shader\flat\flatShader_ps.hlsl">
      <Filter>Shader\flatShader</Filter>
    </FxCompile>
    <FxCompile Include="SourceCode\Shader\flat\flatShader_vs.hlsl">
      <Filter>Shader\flatShader</Filter>
    </FxCompile>
    <FxCompile Include="SourceCode\Shader\Font\Font_ps.hlsl">
      <Filter>Shader\FontShader</Filter>
    </FxCompile>
    <FxCompile Include="SourceCode\Shader\Font\Font_vs.hlsl">
      <Filter>Shader\FontShader</Filter>
    </FxCompile>
    <FxCompile Include="SourceCode\Shader\fur\furShader_gs.hlsl">
      <Filter>Shader\furShader</Filter>
    </FxCompile>
    <FxCompile Include="SourceCode\Shader\fur\furShader_ps.hlsl">
      <Filter>Shader\furShader</Filter>
    </FxCompile>
    <FxCompile Include="SourceCode\Shader\fur\furShader_vs.hlsl">
      <Filter>Shader\furShader</Filter>
    </FxCompile>
    <FxCompile Include="SourceCode\Shader\Gauss\GaussShader_ps.hlsl">
      <Filter>Shader\GauseShader</Filter>
    </FxCompile>
    <FxCompile Include="SourceCode\Shader\Gauss\GaussShader_vs.hlsl">
      <Filter>Shader\GauseShader</Filter>
    </FxCompile>
    <FxCompile Include="SourceCode\Shader\geometric_primitive\geometric_primitive_ps.hlsl">
      <Filter>Shader\geometric_primitiveShader</Filter>
    </FxCompile>
    <FxCompile Include="SourceCode\Shader\geometric_primitive\geometric_primitive_vs.hlsl">
      <Filter>Shader\geometric_primitiveShader</Filter>
    </FxCompile>
    <FxCompile Include="SourceCode\Shader\Load\LoadShader_ps.hlsl">
      <Filter>Shader\LoadShader</Filter>
    </FxCompile>
    <FxCompile Include="SourceCode\Shader\Load\LoadShader_vs.hlsl">
      <Filter>Shader\LoadShader</Filter>
    </FxCompile>
    <FxCompile Include="SourceCode\Shader\Mesh_Static\Mesh_Static_PS.hlsl">
      <Filter>Shader\Mesh_StaticShader</Filter>
    </FxCompile>
    <FxCompile Include="SourceCode\Shader\Mesh_Static\Mesh_Static_VS.hlsl">
      <Filter>Shader\Mesh_StaticShader</Filter>
    </FxCompile>
    <FxCompile Include="SourceCode\Shader\ModeSelect\ModeSelectShader_ps.hlsl">
      <Filter>Shader\ModeSelectShader</Filter>
    </FxCompile>
    <FxCompile Include="SourceCode\Shader\ModeSelect\ModeSelectShader_vs.hlsl">
      <Filter>Shader\ModeSelectShader</Filter>
    </FxCompile>
    <FxCompile Include="SourceCode\Shader\MultiGauss\MultiGaussShader_ps.hlsl">
      <Filter>Shader\MultiGaussShader</Filter>
    </FxCompile>
    <FxCompile Include="SourceCode\Shader\MultiGauss\MultiGaussShader_vs.hlsl">
      <Filter>Shader\MultiGaussShader</Filter>
    </FxCompile>
    <FxCompile Include="SourceCode\Shader\ParalleToon\ParallelToon_gs.hlsl">
      <Filter>Shader\ParallelToonShader</Filter>
    </FxCompile>
    <FxCompile Include="SourceCode\Shader\ParalleToon\ParallelToon_ps.hlsl">
      <Filter>Shader\ParallelToonShader</Filter>
    </FxCompile>
    <FxCompile Include="SourceCode\Shader\ParalleToon\ParallelToon_vs.hlsl">
      <Filter>Shader\ParallelToonShader</Filter>
    </FxCompile>
    <FxCompile Include="SourceCode\Shader\Silexars\SilexarsShader_ps.hlsl">
      <Filter>Shader\SilexarsShader</Filter>
    </FxCompile>
    <FxCompile Include="SourceCode\Shader\Silexars\SilexarsShader_vs.hlsl">
      <Filter>Shader\SilexarsShader</Filter>
    </FxCompile>
    <FxCompile Include="SourceCode\Shader\Skinned\Skinned_PS.hlsl">
      <Filter>Shader\SkinnedMeshShader</Filter>
    </FxCompile>
    <FxCompile Include="SourceCode\Shader\Skinned\Skinned_VS.hlsl">
      <Filter>Shader\SkinnedMeshShader</Filter>
    </FxCompile>
    <FxCompile Include="SourceCode\Shader\SkyMap\SkyMapShader_ps.hlsl">
      <Filter>Shader\SkyMapShader</Filter>
    </FxCompile>
    <FxCompile Include="SourceCode\Shader\SkyMap\SkyMapShader_vs.hlsl">
      <Filter>Shader\SkyMapShader</Filter>
    </FxCompile>
    <FxCompile Include="SourceCode\Shader\sprite\sprite_ps.hlsl">
      <Filter>Shader\spriteShader</Filter>
    </FxCompile>
    <FxCompile Include="SourceCode\Shader\sprite\sprite_vs.hlsl">
      <Filter>Shader\spriteShader</Filter>
    </FxCompile>
    <FxCompile Include="SourceCode\Shader\SpriteEx\SpriteEx_ps.hlsl">
      <Filter>Shader\SpriteExShader</Filter>
    </FxCompile>
    <FxCompile Include="SourceCode\Shader\SpriteEx\SpriteEx_vs.hlsl">
      <Filter>Shader\SpriteExShader</Filter>
    </FxCompile>
  </ItemGroup>
</Project>